// !$*UTF8*$!
{
	archiveVersion = 1;
	classes = {
	};
	objectVersion = 50;
	objects = {

/* Begin PBXBuildFile section */
		1B755E7F231594000040977B /* AppDelegate.swift in Sources */ = {isa = PBXBuildFile; fileRef = 1B755E7E231594000040977B /* AppDelegate.swift */; };
		1B755E81231594000040977B /* ViewController.swift in Sources */ = {isa = PBXBuildFile; fileRef = 1B755E80231594000040977B /* ViewController.swift */; };
		1B755E84231594000040977B /* Main.storyboard in Resources */ = {isa = PBXBuildFile; fileRef = 1B755E82231594000040977B /* Main.storyboard */; };
		1B755E86231594010040977B /* Assets.xcassets in Resources */ = {isa = PBXBuildFile; fileRef = 1B755E85231594010040977B /* Assets.xcassets */; };
		1B755E89231594010040977B /* LaunchScreen.storyboard in Resources */ = {isa = PBXBuildFile; fileRef = 1B755E87231594010040977B /* LaunchScreen.storyboard */; };
		1B755E94231594010040977B /* AugmentedRealityTests.swift in Sources */ = {isa = PBXBuildFile; fileRef = 1B755E93231594010040977B /* AugmentedRealityTests.swift */; };
		1B755E9F231594010040977B /* AugmentedRealityUITests.swift in Sources */ = {isa = PBXBuildFile; fileRef = 1B755E9E231594010040977B /* AugmentedRealityUITests.swift */; };
		1B755EAD2315C31A0040977B /* Models.scnassets in Resources */ = {isa = PBXBuildFile; fileRef = 1B755EAC2315C31A0040977B /* Models.scnassets */; };
/* End PBXBuildFile section */

/* Begin PBXContainerItemProxy section */
		1B755E90231594010040977B /* PBXContainerItemProxy */ = {
			isa = PBXContainerItemProxy;
			containerPortal = 1B755E73231594000040977B /* Project object */;
			proxyType = 1;
			remoteGlobalIDString = 1B755E7A231594000040977B;
			remoteInfo = AugmentedReality;
		};
		1B755E9B231594010040977B /* PBXContainerItemProxy */ = {
			isa = PBXContainerItemProxy;
			containerPortal = 1B755E73231594000040977B /* Project object */;
			proxyType = 1;
			remoteGlobalIDString = 1B755E7A231594000040977B;
			remoteInfo = AugmentedReality;
		};
/* End PBXContainerItemProxy section */

/* Begin PBXFileReference section */
		1B755E7B231594000040977B /* AugmentedReality.app */ = {isa = PBXFileReference; explicitFileType = wrapper.application; includeInIndex = 0; path = AugmentedReality.app; sourceTree = BUILT_PRODUCTS_DIR; };
		1B755E7E231594000040977B /* AppDelegate.swift */ = {isa = PBXFileReference; lastKnownFileType = sourcecode.swift; path = AppDelegate.swift; sourceTree = "<group>"; };
		1B755E80231594000040977B /* ViewController.swift */ = {isa = PBXFileReference; lastKnownFileType = sourcecode.swift; path = ViewController.swift; sourceTree = "<group>"; };
		1B755E83231594000040977B /* Base */ = {isa = PBXFileReference; lastKnownFileType = file.storyboard; name = Base; path = Base.lproj/Main.storyboard; sourceTree = "<group>"; };
		1B755E85231594010040977B /* Assets.xcassets */ = {isa = PBXFileReference; lastKnownFileType = folder.assetcatalog; path = Assets.xcassets; sourceTree = "<group>"; };
		1B755E88231594010040977B /* Base */ = {isa = PBXFileReference; lastKnownFileType = file.storyboard; name = Base; path = Base.lproj/LaunchScreen.storyboard; sourceTree = "<group>"; };
		1B755E8A231594010040977B /* Info.plist */ = {isa = PBXFileReference; lastKnownFileType = text.plist.xml; path = Info.plist; sourceTree = "<group>"; };
		1B755E8F231594010040977B /* AugmentedRealityTests.xctest */ = {isa = PBXFileReference; explicitFileType = wrapper.cfbundle; includeInIndex = 0; path = AugmentedRealityTests.xctest; sourceTree = BUILT_PRODUCTS_DIR; };
		1B755E93231594010040977B /* AugmentedRealityTests.swift */ = {isa = PBXFileReference; lastKnownFileType = sourcecode.swift; path = AugmentedRealityTests.swift; sourceTree = "<group>"; };
		1B755E95231594010040977B /* Info.plist */ = {isa = PBXFileReference; lastKnownFileType = text.plist.xml; path = Info.plist; sourceTree = "<group>"; };
		1B755E9A231594010040977B /* AugmentedRealityUITests.xctest */ = {isa = PBXFileReference; explicitFileType = wrapper.cfbundle; includeInIndex = 0; path = AugmentedRealityUITests.xctest; sourceTree = BUILT_PRODUCTS_DIR; };
		1B755E9E231594010040977B /* AugmentedRealityUITests.swift */ = {isa = PBXFileReference; lastKnownFileType = sourcecode.swift; path = AugmentedRealityUITests.swift; sourceTree = "<group>"; };
		1B755EA0231594010040977B /* Info.plist */ = {isa = PBXFileReference; lastKnownFileType = text.plist.xml; path = Info.plist; sourceTree = "<group>"; };
		1B755EAC2315C31A0040977B /* Models.scnassets */ = {isa = PBXFileReference; lastKnownFileType = wrapper.scnassets; path = Models.scnassets; sourceTree = "<group>"; };
/* End PBXFileReference section */

/* Begin PBXFrameworksBuildPhase section */
		1B755E78231594000040977B /* Frameworks */ = {
			isa = PBXFrameworksBuildPhase;
			buildActionMask = 2147483647;
			files = (
			);
			runOnlyForDeploymentPostprocessing = 0;
		};
		1B755E8C231594010040977B /* Frameworks */ = {
			isa = PBXFrameworksBuildPhase;
			buildActionMask = 2147483647;
			files = (
			);
			runOnlyForDeploymentPostprocessing = 0;
		};
		1B755E97231594010040977B /* Frameworks */ = {
			isa = PBXFrameworksBuildPhase;
			buildActionMask = 2147483647;
			files = (
			);
			runOnlyForDeploymentPostprocessing = 0;
		};
/* End PBXFrameworksBuildPhase section */

/* Begin PBXGroup section */
		1B755E72231594000040977B = {
			isa = PBXGroup;
			children = (
				1B755E7D231594000040977B /* AugmentedReality */,
				1B755E92231594010040977B /* AugmentedRealityTests */,
				1B755E9D231594010040977B /* AugmentedRealityUITests */,
				1B755E7C231594000040977B /* Products */,
			);
			sourceTree = "<group>";
		};
		1B755E7C231594000040977B /* Products */ = {
			isa = PBXGroup;
			children = (
				1B755E7B231594000040977B /* AugmentedReality.app */,
				1B755E8F231594010040977B /* AugmentedRealityTests.xctest */,
				1B755E9A231594010040977B /* AugmentedRealityUITests.xctest */,
			);
			name = Products;
			sourceTree = "<group>";
		};
		1B755E7D231594000040977B /* AugmentedReality */ = {
			isa = PBXGroup;
			children = (
				1B755E7E231594000040977B /* AppDelegate.swift */,
				1B755E80231594000040977B /* ViewController.swift */,
				1B755E82231594000040977B /* Main.storyboard */,
				1B755E85231594010040977B /* Assets.xcassets */,
				1B755EAC2315C31A0040977B /* Models.scnassets */,
				1B755E87231594010040977B /* LaunchScreen.storyboard */,
				1B755E8A231594010040977B /* Info.plist */,
			);
			path = AugmentedReality;
			sourceTree = "<group>";
		};
		1B755E92231594010040977B /* AugmentedRealityTests */ = {
			isa = PBXGroup;
			children = (
				1B755E93231594010040977B /* AugmentedRealityTests.swift */,
				1B755E95231594010040977B /* Info.plist */,
			);
			path = AugmentedRealityTests;
			sourceTree = "<group>";
		};
		1B755E9D231594010040977B /* AugmentedRealityUITests */ = {
			isa = PBXGroup;
			children = (
				1B755E9E231594010040977B /* AugmentedRealityUITests.swift */,
				1B755EA0231594010040977B /* Info.plist */,
			);
			path = AugmentedRealityUITests;
			sourceTree = "<group>";
		};
/* End PBXGroup section */

/* Begin PBXNativeTarget section */
		1B755E7A231594000040977B /* AugmentedReality */ = {
			isa = PBXNativeTarget;
			buildConfigurationList = 1B755EA3231594010040977B /* Build configuration list for PBXNativeTarget "AugmentedReality" */;
			buildPhases = (
				1B755E77231594000040977B /* Sources */,
				1B755E78231594000040977B /* Frameworks */,
				1B755E79231594000040977B /* Resources */,
			);
			buildRules = (
			);
			dependencies = (
			);
			name = AugmentedReality;
			productName = AugmentedReality;
			productReference = 1B755E7B231594000040977B /* AugmentedReality.app */;
			productType = "com.apple.product-type.application";
		};
		1B755E8E231594010040977B /* AugmentedRealityTests */ = {
			isa = PBXNativeTarget;
			buildConfigurationList = 1B755EA6231594010040977B /* Build configuration list for PBXNativeTarget "AugmentedRealityTests" */;
			buildPhases = (
				1B755E8B231594010040977B /* Sources */,
				1B755E8C231594010040977B /* Frameworks */,
				1B755E8D231594010040977B /* Resources */,
			);
			buildRules = (
			);
			dependencies = (
				1B755E91231594010040977B /* PBXTargetDependency */,
			);
			name = AugmentedRealityTests;
			productName = AugmentedRealityTests;
			productReference = 1B755E8F231594010040977B /* AugmentedRealityTests.xctest */;
			productType = "com.apple.product-type.bundle.unit-test";
		};
		1B755E99231594010040977B /* AugmentedRealityUITests */ = {
			isa = PBXNativeTarget;
			buildConfigurationList = 1B755EA9231594010040977B /* Build configuration list for PBXNativeTarget "AugmentedRealityUITests" */;
			buildPhases = (
				1B755E96231594010040977B /* Sources */,
				1B755E97231594010040977B /* Frameworks */,
				1B755E98231594010040977B /* Resources */,
			);
			buildRules = (
			);
			dependencies = (
				1B755E9C231594010040977B /* PBXTargetDependency */,
			);
			name = AugmentedRealityUITests;
			productName = AugmentedRealityUITests;
			productReference = 1B755E9A231594010040977B /* AugmentedRealityUITests.xctest */;
			productType = "com.apple.product-type.bundle.ui-testing";
		};
/* End PBXNativeTarget section */

/* Begin PBXProject section */
		1B755E73231594000040977B /* Project object */ = {
			isa = PBXProject;
			attributes = {
				LastSwiftUpdateCheck = 1030;
				LastUpgradeCheck = 1030;
				ORGANIZATIONNAME = "Helal Chowdhury";
				TargetAttributes = {
					1B755E7A231594000040977B = {
						CreatedOnToolsVersion = 10.3;
					};
					1B755E8E231594010040977B = {
						CreatedOnToolsVersion = 10.3;
						TestTargetID = 1B755E7A231594000040977B;
					};
					1B755E99231594010040977B = {
						CreatedOnToolsVersion = 10.3;
						TestTargetID = 1B755E7A231594000040977B;
					};
				};
			};
			buildConfigurationList = 1B755E76231594000040977B /* Build configuration list for PBXProject "AugmentedReality" */;
			compatibilityVersion = "Xcode 9.3";
			developmentRegion = en;
			hasScannedForEncodings = 0;
			knownRegions = (
				en,
				Base,
			);
			mainGroup = 1B755E72231594000040977B;
			productRefGroup = 1B755E7C231594000040977B /* Products */;
			projectDirPath = "";
			projectRoot = "";
			targets = (
				1B755E7A231594000040977B /* AugmentedReality */,
				1B755E8E231594010040977B /* AugmentedRealityTests */,
				1B755E99231594010040977B /* AugmentedRealityUITests */,
			);
		};
/* End PBXProject section */

/* Begin PBXResourcesBuildPhase section */
		1B755E79231594000040977B /* Resources */ = {
			isa = PBXResourcesBuildPhase;
			buildActionMask = 2147483647;
			files = (
				1B755E89231594010040977B /* LaunchScreen.storyboard in Resources */,
				1B755EAD2315C31A0040977B /* Models.scnassets in Resources */,
				1B755E86231594010040977B /* Assets.xcassets in Resources */,
				1B755E84231594000040977B /* Main.storyboard in Resources */,
			);
			runOnlyForDeploymentPostprocessing = 0;
		};
		1B755E8D231594010040977B /* Resources */ = {
			isa = PBXResourcesBuildPhase;
			buildActionMask = 2147483647;
			files = (
			);
			runOnlyForDeploymentPostprocessing = 0;
		};
		1B755E98231594010040977B /* Resources */ = {
			isa = PBXResourcesBuildPhase;
			buildActionMask = 2147483647;
			files = (
			);
			runOnlyForDeploymentPostprocessing = 0;
		};
/* End PBXResourcesBuildPhase section */

/* Begin PBXSourcesBuildPhase section */
		1B755E77231594000040977B /* Sources */ = {
			isa = PBXSourcesBuildPhase;
			buildActionMask = 2147483647;
			files = (
				1B755E81231594000040977B /* ViewController.swift in Sources */,
				1B755E7F231594000040977B /* AppDelegate.swift in Sources */,
			);
			runOnlyForDeploymentPostprocessing = 0;
		};
		1B755E8B231594010040977B /* Sources */ = {
			isa = PBXSourcesBuildPhase;
			buildActionMask = 2147483647;
			files = (
				1B755E94231594010040977B /* AugmentedRealityTests.swift in Sources */,
			);
			runOnlyForDeploymentPostprocessing = 0;
		};
		1B755E96231594010040977B /* Sources */ = {
			isa = PBXSourcesBuildPhase;
			buildActionMask = 2147483647;
			files = (
				1B755E9F231594010040977B /* AugmentedRealityUITests.swift in Sources */,
			);
			runOnlyForDeploymentPostprocessing = 0;
		};
/* End PBXSourcesBuildPhase section */

/* Begin PBXTargetDependency section */
		1B755E91231594010040977B /* PBXTargetDependency */ = {
			isa = PBXTargetDependency;
			target = 1B755E7A231594000040977B /* AugmentedReality */;
			targetProxy = 1B755E90231594010040977B /* PBXContainerItemProxy */;
		};
		1B755E9C231594010040977B /* PBXTargetDependency */ = {
			isa = PBXTargetDependency;
			target = 1B755E7A231594000040977B /* AugmentedReality */;
			targetProxy = 1B755E9B231594010040977B /* PBXContainerItemProxy */;
		};
/* End PBXTargetDependency section */

/* Begin PBXVariantGroup section */
		1B755E82231594000040977B /* Main.storyboard */ = {
			isa = PBXVariantGroup;
			children = (
				1B755E83231594000040977B /* Base */,
			);
			name = Main.storyboard;
			sourceTree = "<group>";
		};
		1B755E87231594010040977B /* LaunchScreen.storyboard */ = {
			isa = PBXVariantGroup;
			children = (
				1B755E88231594010040977B /* Base */,
			);
			name = LaunchScreen.storyboard;
			sourceTree = "<group>";
		};
/* End PBXVariantGroup section */

/* Begin XCBuildConfiguration section */
		1B755EA1231594010040977B /* Debug */ = {
			isa = XCBuildConfiguration;
			buildSettings = {
				ALWAYS_SEARCH_USER_PATHS = NO;
				CLANG_ANALYZER_NONNULL = YES;
				CLANG_ANALYZER_NUMBER_OBJECT_CONVERSION = YES_AGGRESSIVE;
				CLANG_CXX_LANGUAGE_STANDARD = "gnu++14";
				CLANG_CXX_LIBRARY = "libc++";
				CLANG_ENABLE_MODULES = YES;
				CLANG_ENABLE_OBJC_ARC = YES;
				CLANG_ENABLE_OBJC_WEAK = YES;
				CLANG_WARN_BLOCK_CAPTURE_AUTORELEASING = YES;
				CLANG_WARN_BOOL_CONVERSION = YES;
				CLANG_WARN_COMMA = YES;
				CLANG_WARN_CONSTANT_CONVERSION = YES;
				CLANG_WARN_DEPRECATED_OBJC_IMPLEMENTATIONS = YES;
				CLANG_WARN_DIRECT_OBJC_ISA_USAGE = YES_ERROR;
				CLANG_WARN_DOCUMENTATION_COMMENTS = YES;
				CLANG_WARN_EMPTY_BODY = YES;
				CLANG_WARN_ENUM_CONVERSION = YES;
				CLANG_WARN_INFINITE_RECURSION = YES;
				CLANG_WARN_INT_CONVERSION = YES;
				CLANG_WARN_NON_LITERAL_NULL_CONVERSION = YES;
				CLANG_WARN_OBJC_IMPLICIT_RETAIN_SELF = YES;
				CLANG_WARN_OBJC_LITERAL_CONVERSION = YES;
				CLANG_WARN_OBJC_ROOT_CLASS = YES_ERROR;
				CLANG_WARN_RANGE_LOOP_ANALYSIS = YES;
				CLANG_WARN_STRICT_PROTOTYPES = YES;
				CLANG_WARN_SUSPICIOUS_MOVE = YES;
				CLANG_WARN_UNGUARDED_AVAILABILITY = YES_AGGRESSIVE;
				CLANG_WARN_UNREACHABLE_CODE = YES;
				CLANG_WARN__DUPLICATE_METHOD_MATCH = YES;
				CODE_SIGN_IDENTITY = "iPhone Developer";
				COPY_PHASE_STRIP = NO;
				DEBUG_INFORMATION_FORMAT = dwarf;
				ENABLE_STRICT_OBJC_MSGSEND = YES;
				ENABLE_TESTABILITY = YES;
				GCC_C_LANGUAGE_STANDARD = gnu11;
				GCC_DYNAMIC_NO_PIC = NO;
				GCC_NO_COMMON_BLOCKS = YES;
				GCC_OPTIMIZATION_LEVEL = 0;
				GCC_PREPROCESSOR_DEFINITIONS = (
					"DEBUG=1",
					"$(inherited)",
				);
				GCC_WARN_64_TO_32_BIT_CONVERSION = YES;
				GCC_WARN_ABOUT_RETURN_TYPE = YES_ERROR;
				GCC_WARN_UNDECLARED_SELECTOR = YES;
				GCC_WARN_UNINITIALIZED_AUTOS = YES_AGGRESSIVE;
				GCC_WARN_UNUSED_FUNCTION = YES;
				GCC_WARN_UNUSED_VARIABLE = YES;
				IPHONEOS_DEPLOYMENT_TARGET = 12.4;
				MTL_ENABLE_DEBUG_INFO = INCLUDE_SOURCE;
				MTL_FAST_MATH = YES;
				ONLY_ACTIVE_ARCH = YES;
				SDKROOT = iphoneos;
				SWIFT_ACTIVE_COMPILATION_CONDITIONS = DEBUG;
				SWIFT_OPTIMIZATION_LEVEL = "-Onone";
			};
			name = Debug;
		};
		1B755EA2231594010040977B /* Release */ = {
			isa = XCBuildConfiguration;
			buildSettings = {
				ALWAYS_SEARCH_USER_PATHS = NO;
				CLANG_ANALYZER_NONNULL = YES;
				CLANG_ANALYZER_NUMBER_OBJECT_CONVERSION = YES_AGGRESSIVE;
				CLANG_CXX_LANGUAGE_STANDARD = "gnu++14";
				CLANG_CXX_LIBRARY = "libc++";
				CLANG_ENABLE_MODULES = YES;
				CLANG_ENABLE_OBJC_ARC = YES;
				CLANG_ENABLE_OBJC_WEAK = YES;
				CLANG_WARN_BLOCK_CAPTURE_AUTORELEASING = YES;
				CLANG_WARN_BOOL_CONVERSION = YES;
				CLANG_WARN_COMMA = YES;
				CLANG_WARN_CONSTANT_CONVERSION = YES;
				CLANG_WARN_DEPRECATED_OBJC_IMPLEMENTATIONS = YES;
				CLANG_WARN_DIRECT_OBJC_ISA_USAGE = YES_ERROR;
				CLANG_WARN_DOCUMENTATION_COMMENTS = YES;
				CLANG_WARN_EMPTY_BODY = YES;
				CLANG_WARN_ENUM_CONVERSION = YES;
				CLANG_WARN_INFINITE_RECURSION = YES;
				CLANG_WARN_INT_CONVERSION = YES;
				CLANG_WARN_NON_LITERAL_NULL_CONVERSION = YES;
				CLANG_WARN_OBJC_IMPLICIT_RETAIN_SELF = YES;
				CLANG_WARN_OBJC_LITERAL_CONVERSION = YES;
				CLANG_WARN_OBJC_ROOT_CLASS = YES_ERROR;
				CLANG_WARN_RANGE_LOOP_ANALYSIS = YES;
				CLANG_WARN_STRICT_PROTOTYPES = YES;
				CLANG_WARN_SUSPICIOUS_MOVE = YES;
				CLANG_WARN_UNGUARDED_AVAILABILITY = YES_AGGRESSIVE;
				CLANG_WARN_UNREACHABLE_CODE = YES;
				CLANG_WARN__DUPLICATE_METHOD_MATCH = YES;
				CODE_SIGN_IDENTITY = "iPhone Developer";
				COPY_PHASE_STRIP = NO;
				DEBUG_INFORMATION_FORMAT = "dwarf-with-dsym";
				ENABLE_NS_ASSERTIONS = NO;
				ENABLE_STRICT_OBJC_MSGSEND = YES;
				GCC_C_LANGUAGE_STANDARD = gnu11;
				GCC_NO_COMMON_BLOCKS = YES;
				GCC_WARN_64_TO_32_BIT_CONVERSION = YES;
				GCC_WARN_ABOUT_RETURN_TYPE = YES_ERROR;
				GCC_WARN_UNDECLARED_SELECTOR = YES;
				GCC_WARN_UNINITIALIZED_AUTOS = YES_AGGRESSIVE;
				GCC_WARN_UNUSED_FUNCTION = YES;
				GCC_WARN_UNUSED_VARIABLE = YES;
				IPHONEOS_DEPLOYMENT_TARGET = 12.4;
				MTL_ENABLE_DEBUG_INFO = NO;
				MTL_FAST_MATH = YES;
				SDKROOT = iphoneos;
				SWIFT_COMPILATION_MODE = wholemodule;
				SWIFT_OPTIMIZATION_LEVEL = "-O";
				VALIDATE_PRODUCT = YES;
			};
			name = Release;
		};
		1B755EA4231594010040977B /* Debug */ = {
			isa = XCBuildConfiguration;
			buildSettings = {
				ASSETCATALOG_COMPILER_APPICON_NAME = AppIcon;
				CODE_SIGN_STYLE = Automatic;
				DEVELOPMENT_TEAM = 8LSGQYWP8T;
				INFOPLIST_FILE = AugmentedReality/Info.plist;
				IPHONEOS_DEPLOYMENT_TARGET = 13.2;
				LD_RUNPATH_SEARCH_PATHS = (
					"$(inherited)",
					"@executable_path/Frameworks",
				);
				PRODUCT_BUNDLE_IDENTIFIER = helalchow.AugmentedReality;
				PRODUCT_NAME = "$(TARGET_NAME)";
				SWIFT_VERSION = 5.0;
				TARGETED_DEVICE_FAMILY = 1;
			};
			name = Debug;
		};
		1B755EA5231594010040977B /* Release */ = {
			isa = XCBuildConfiguration;
			buildSettings = {
				ASSETCATALOG_COMPILER_APPICON_NAME = AppIcon;
				CODE_SIGN_STYLE = Automatic;
				DEVELOPMENT_TEAM = 8LSGQYWP8T;
				INFOPLIST_FILE = AugmentedReality/Info.plist;
				IPHONEOS_DEPLOYMENT_TARGET = 13.2;
				LD_RUNPATH_SEARCH_PATHS = (
					"$(inherited)",
					"@executable_path/Frameworks",
				);
				PRODUCT_BUNDLE_IDENTIFIER = helalchow.AugmentedReality;
				PRODUCT_NAME = "$(TARGET_NAME)";
				SWIFT_VERSION = 5.0;
				TARGETED_DEVICE_FAMILY = 1;
			};
			name = Release;
		};
		1B755EA7231594010040977B /* Debug */ = {
			isa = XCBuildConfiguration;
			buildSettings = {
				ALWAYS_EMBED_SWIFT_STANDARD_LIBRARIES = YES;
				BUNDLE_LOADER = "$(TEST_HOST)";
				CODE_SIGN_STYLE = Automatic;
				DEVELOPMENT_TEAM = FQX45R5BVV;
				INFOPLIST_FILE = AugmentedRealityTests/Info.plist;
				LD_RUNPATH_SEARCH_PATHS = (
					"$(inherited)",
					"@executable_path/Frameworks",
					"@loader_path/Frameworks",
				);
				PRODUCT_BUNDLE_IDENTIFIER = helalchow.AugmentedRealityTests;
				PRODUCT_NAME = "$(TARGET_NAME)";
				SWIFT_VERSION = 5.0;
				TARGETED_DEVICE_FAMILY = "1,2";
				TEST_HOST = "$(BUILT_PRODUCTS_DIR)/AugmentedReality.app/AugmentedReality";
			};
			name = Debug;
		};
		1B755EA8231594010040977B /* Release */ = {
			isa = XCBuildConfiguration;
			buildSettings = {
				ALWAYS_EMBED_SWIFT_STANDARD_LIBRARIES = YES;
				BUNDLE_LOADER = "$(TEST_HOST)";
				CODE_SIGN_STYLE = Automatic;
				DEVELOPMENT_TEAM = FQX45R5BVV;
				INFOPLIST_FILE = AugmentedRealityTests/Info.plist;
				LD_RUNPATH_SEARCH_PATHS = (
					"$(inherited)",
					"@executable_path/Frameworks",
					"@loader_path/Frameworks",
				);
				PRODUCT_BUNDLE_IDENTIFIER = helalchow.AugmentedRealityTests;
				PRODUCT_NAME = "$(TARGET_NAME)";
				SWIFT_VERSION = 5.0;
				TARGETED_DEVICE_FAMILY = "1,2";
				TEST_HOST = "$(BUILT_PRODUCTS_DIR)/AugmentedReality.app/AugmentedReality";
			};
			name = Release;
		};
		1B755EAA231594010040977B /* Debug */ = {
			isa = XCBuildConfiguration;
			buildSettings = {
				ALWAYS_EMBED_SWIFT_STANDARD_LIBRARIES = YES;
				CODE_SIGN_STYLE = Automatic;
				DEVELOPMENT_TEAM = FQX45R5BVV;
				INFOPLIST_FILE = AugmentedRealityUITests/Info.plist;
				LD_RUNPATH_SEARCH_PATHS = (
					"$(inherited)",
					"@executable_path/Frameworks",
					"@loader_path/Frameworks",
				);
				PRODUCT_BUNDLE_IDENTIFIER = helalchow.AugmentedRealityUITests;
				PRODUCT_NAME = "$(TARGET_NAME)";
				SWIFT_VERSION = 5.0;
				TARGETED_DEVICE_FAMILY = "1,2";
				TEST_TARGET_NAME = AugmentedReality;
			};
			name = Debug;
		};
		1B755EAB231594010040977B /* Release */ = {
			isa = XCBuildConfiguration;
			buildSettings = {
				ALWAYS_EMBED_SWIFT_STANDARD_LIBRARIES = YES;
				CODE_SIGN_STYLE = Automatic;
				DEVELOPMENT_TEAM = FQX45R5BVV;
				INFOPLIST_FILE = AugmentedRealityUITests/Info.plist;
				LD_RUNPATH_SEARCH_PATHS = (
					"$(inherited)",
					"@executable_path/Frameworks",
					"@loader_path/Frameworks",
				);
				PRODUCT_BUNDLE_IDENTIFIER = helalchow.AugmentedRealityUITests;
				PRODUCT_NAME = "$(TARGET_NAME)";
				SWIFT_VERSION = 5.0;
				TARGETED_DEVICE_FAMILY = "1,2";
				TEST_TARGET_NAME = AugmentedReality;
			};
			name = Release;
		};
/* End XCBuildConfiguration section */

/* Begin XCConfigurationList section */
		1B755E76231594000040977B /* Build configuration list for PBXProject "AugmentedReality" */ = {
			isa = XCConfigurationList;
			buildConfigurations = (
				1B755EA1231594010040977B /* Debug */,
				1B755EA2231594010040977B /* Release */,
			);
			defaultConfigurationIsVisible = 0;
			defaultConfigurationName = Release;
		};
		1B755EA3231594010040977B /* Build configuration list for PBXNativeTarget "AugmentedReality" */ = {
			isa = XCConfigurationList;
			buildConfigurations = (
				1B755EA4231594010040977B /* Debug */,
				1B755EA5231594010040977B /* Release */,
			);
			defaultConfigurationIsVisible = 0;
			defaultConfigurationName = Release;
		};
		1B755EA6231594010040977B /* Build configuration list for PBXNativeTarget "AugmentedRealityTests" */ = {
			isa = XCConfigurationList;
			buildConfigurations = (
				1B755EA7231594010040977B /* Debug */,
				1B755EA8231594010040977B /* Release */,
			);
			defaultConfigurationIsVisible = 0;
			defaultConfigurationName = Release;
		};
		1B755EA9231594010040977B /* Build configuration list for PBXNativeTarget "AugmentedRealityUITests" */ = {
			isa = XCConfigurationList;
			buildConfigurations = (
				1B755EAA231594010040977B /* Debug */,
				1B755EAB231594010040977B /* Release */,
			);
			defaultConfigurationIsVisible = 0;
			defaultConfigurationName = Release;
		};
/* End XCConfigurationList section */
	};
	rootObject = 1B755E73231594000040977B /* Project object */;
}
